
Microsoft Visual Studio Solution File, Format Version 12.00
# Visual Studio Version 16
VisualStudioVersion = 16.0.32802.440
MinimumVisualStudioVersion = 10.0.40219.1
Project("{FAE04EC0-301F-11D3-BF4B-00C04F79EFBC}") = "3 Variables", "3 Variables\3 Variables.csproj", "{2243E9DE-EC4D-40EF-9C2A-E8D642336899}"
EndProject
Global
	GlobalSection(SolutionConfigurationPlatforms) = preSolution
		Debug|Any CPU = Debug|Any CPU
		Release|Any CPU = Release|Any CPU
	EndGlobalSection
	GlobalSection(ProjectConfigurationPlatforms) = postSolution
		{2243E9DE-EC4D-40EF-9C2A-E8D642336899}.Debug|Any CPU.ActiveCfg = Debug|Any CPU
		{2243E9DE-EC4D-40EF-9C2A-E8D642336899}.Debug|Any CPU.Build.0 = Debug|Any CPU
		{2243E9DE-EC4D-40EF-9C2A-E8D642336899}.Release|Any CPU.ActiveCfg = Release|Any CPU
		{2243E9DE-EC4D-40EF-9C2A-E8D642336899}.Release|Any CPU.Build.0 = Release|Any CPU
	EndGlobalSection
	GlobalSection(SolutionProperties) = preSolution
		HideSolutionNode = FALSE
	EndGlobalSection
	GlobalSection(ExtensibilityGlobals) = postSolution
		SolutionGuid = {8DADCEB7-0772-4A84-A6D2-8D28DA191771}
	EndGlobalSection
EndGlobal
